
Microsoft Visual Studio Solution File, Format Version 12.00
# Visual Studio 15
VisualStudioVersion = 15.0.27130.2027
MinimumVisualStudioVersion = 10.0.40219.1
Project("{8BC9CEB8-8B4A-11D0-8D11-00A0C91BC942}") = "语法分析", "语法分析\语法分析.vcxproj", "{BE91D7DE-996C-4FBA-8482-829BA6033BD2}"
EndProject
Global
	GlobalSection(SolutionConfigurationPlatforms) = preSolution
		Debug|x64 = Debug|x64
		Debug|x86 = Debug|x86
		Release|x64 = Release|x64
		Release|x86 = Release|x86
	EndGlobalSection
	GlobalSection(ProjectConfigurationPlatforms) = postSolution
		{BE91D7DE-996C-4FBA-8482-829BA6033BD2}.Debug|x64.ActiveCfg = Debug|x64
		{BE91D7DE-996C-4FBA-8482-829BA6033BD2}.Debug|x64.Build.0 = Debug|x64
		{BE91D7DE-996C-4FBA-8482-829BA6033BD2}.Debug|x86.ActiveCfg = Debug|Win32
		{BE91D7DE-996C-4FBA-8482-829BA6033BD2}.Debug|x86.Build.0 = Debug|Win32
		{BE91D7DE-996C-4FBA-8482-829BA6033BD2}.Release|x64.ActiveCfg = Release|x64
		{BE91D7DE-996C-4FBA-8482-829BA6033BD2}.Release|x64.Build.0 = Release|x64
		{BE91D7DE-996C-4FBA-8482-829BA6033BD2}.Release|x86.ActiveCfg = Release|Win32
		{BE91D7DE-996C-4FBA-8482-829BA6033BD2}.Release|x86.Build.0 = Release|Win32
	EndGlobalSection
	GlobalSection(SolutionProperties) = preSolution
		HideSolutionNode = FALSE
	EndGlobalSection
	GlobalSection(ExtensibilityGlobals) = postSolution
		SolutionGuid = {A99E468D-8865-437D-A4A1-2BF2D602A95A}
	EndGlobalSection
EndGlobal
